
Microsoft Visual Studio Solution File, Format Version 12.00
# Visual Studio 14
VisualStudioVersion = 14.0.25420.1
MinimumVisualStudioVersion = 10.0.40219.1
Project("{FAE04EC0-301F-11D3-BF4B-00C04F79EFBC}") = "MobiStore.Models", "MobiStore.Models\MobiStore.Models.csproj", "{C65AEEA6-5269-4FDF-8F27-0EF0DC517318}"
EndProject
Project("{FAE04EC0-301F-11D3-BF4B-00C04F79EFBC}") = "MobiStore.Data", "MobiStore.Data\MobiStore.Data.csproj", "{DCD7C403-C4F3-481F-B56F-E5159BDA74AB}"
EndProject
Project("{FAE04EC0-301F-11D3-BF4B-00C04F79EFBC}") = "MobiStore.Client", "MobiStore.Client\MobiStore.Client.csproj", "{92A9387F-4ED1-4543-B46F-A4C232703A86}"
EndProject
Global
	GlobalSection(SolutionConfigurationPlatforms) = preSolution
		Debug|Any CPU = Debug|Any CPU
		Release|Any CPU = Release|Any CPU
	EndGlobalSection
	GlobalSection(ProjectConfigurationPlatforms) = postSolution
		{C65AEEA6-5269-4FDF-8F27-0EF0DC517318}.Debug|Any CPU.ActiveCfg = Debug|Any CPU
		{C65AEEA6-5269-4FDF-8F27-0EF0DC517318}.Debug|Any CPU.Build.0 = Debug|Any CPU
		{C65AEEA6-5269-4FDF-8F27-0EF0DC517318}.Release|Any CPU.ActiveCfg = Release|Any CPU
		{C65AEEA6-5269-4FDF-8F27-0EF0DC517318}.Release|Any CPU.Build.0 = Release|Any CPU
		{DCD7C403-C4F3-481F-B56F-E5159BDA74AB}.Debug|Any CPU.ActiveCfg = Debug|Any CPU
		{DCD7C403-C4F3-481F-B56F-E5159BDA74AB}.Debug|Any CPU.Build.0 = Debug|Any CPU
		{DCD7C403-C4F3-481F-B56F-E5159BDA74AB}.Release|Any CPU.ActiveCfg = Release|Any CPU
		{DCD7C403-C4F3-481F-B56F-E5159BDA74AB}.Release|Any CPU.Build.0 = Release|Any CPU
		{92A9387F-4ED1-4543-B46F-A4C232703A86}.Debug|Any CPU.ActiveCfg = Debug|Any CPU
		{92A9387F-4ED1-4543-B46F-A4C232703A86}.Debug|Any CPU.Build.0 = Debug|Any CPU
		{92A9387F-4ED1-4543-B46F-A4C232703A86}.Release|Any CPU.ActiveCfg = Release|Any CPU
		{92A9387F-4ED1-4543-B46F-A4C232703A86}.Release|Any CPU.Build.0 = Release|Any CPU
	EndGlobalSection
	GlobalSection(SolutionProperties) = preSolution
		HideSolutionNode = FALSE
	EndGlobalSection
EndGlobal
